
Microsoft Visual Studio Solution File, Format Version 12.00
# Visual Studio Version 16
VisualStudioVersion = 16.0.32002.261
MinimumVisualStudioVersion = 10.0.40219.1
Project("{FAE04EC0-301F-11D3-BF4B-00C04F79EFBC}") = "EncriptarTexto", "EncriptarTexto.csproj", "{F1997755-44E3-40F3-A798-62B9EBA59979}"
EndProject
Global
	GlobalSection(SolutionConfigurationPlatforms) = preSolution
		Debug|Any CPU = Debug|Any CPU
		Release|Any CPU = Release|Any CPU
	EndGlobalSection
	GlobalSection(ProjectConfigurationPlatforms) = postSolution
		{F1997755-44E3-40F3-A798-62B9EBA59979}.Debug|Any CPU.ActiveCfg = Debug|Any CPU
		{F1997755-44E3-40F3-A798-62B9EBA59979}.Debug|Any CPU.Build.0 = Debug|Any CPU
		{F1997755-44E3-40F3-A798-62B9EBA59979}.Release|Any CPU.ActiveCfg = Release|Any CPU
		{F1997755-44E3-40F3-A798-62B9EBA59979}.Release|Any CPU.Build.0 = Release|Any CPU
	EndGlobalSection
	GlobalSection(SolutionProperties) = preSolution
		HideSolutionNode = FALSE
	EndGlobalSection
	GlobalSection(ExtensibilityGlobals) = postSolution
		SolutionGuid = {538AE7C2-2B00-4C6D-980C-8211624C7131}
	EndGlobalSection
EndGlobal
